
Microsoft Visual Studio Solution File, Format Version 12.00
# Visual Studio Version 16
VisualStudioVersion = 16.0.30413.136
MinimumVisualStudioVersion = 10.0.40219.1
Project("{FAE04EC0-301F-11D3-BF4B-00C04F79EFBC}") = "SpaceInvaders2020", "SpaceInvaders2020.csproj", "{9BE2D45C-AD07-4541-BDEE-D0653619835E}"
EndProject
Global
	GlobalSection(SolutionConfigurationPlatforms) = preSolution
		Debug|Any CPU = Debug|Any CPU
		Release|Any CPU = Release|Any CPU
	EndGlobalSection
	GlobalSection(ProjectConfigurationPlatforms) = postSolution
		{9BE2D45C-AD07-4541-BDEE-D0653619835E}.Debug|Any CPU.ActiveCfg = Debug|Any CPU
		{9BE2D45C-AD07-4541-BDEE-D0653619835E}.Debug|Any CPU.Build.0 = Debug|Any CPU
		{9BE2D45C-AD07-4541-BDEE-D0653619835E}.Release|Any CPU.ActiveCfg = Release|Any CPU
		{9BE2D45C-AD07-4541-BDEE-D0653619835E}.Release|Any CPU.Build.0 = Release|Any CPU
	EndGlobalSection
	GlobalSection(SolutionProperties) = preSolution
		HideSolutionNode = FALSE
	EndGlobalSection
	GlobalSection(ExtensibilityGlobals) = postSolution
		SolutionGuid = {4DCD8D83-82CC-4243-95F0-75B75E607A81}
	EndGlobalSection
EndGlobal
